{
  "requires": true,
  "lockfileVersion": 1,
  "dependencies": {
    "rekcod": {
      "version": "2.2.0",
      "resolved": "https://registry.npmjs.org/rekcod/-/rekcod-2.2.0.tgz",
      "integrity": "sha512-9AHwvLc0SWndOzP7OuclO266L/iEGK9ZTk9yJJZxiDe0Ej1Vj7PnNRSDGKEVnM47iMGBhxb2BJm6uMBZNPwssQ=="
    }
  }
}
